
Microsoft Visual Studio Solution File, Format Version 12.00
# Visual Studio Version 16
VisualStudioVersion = 16.0.29424.173
MinimumVisualStudioVersion = 10.0.40219.1
Project("{FAE04EC0-301F-11D3-BF4B-00C04F79EFBC}") = "EnglishVocabulary", "EnglishVocabulary\EnglishVocabulary.csproj", "{95D24B51-D5B8-4CC7-8416-73BA816A7A4A}"
EndProject
Global
	GlobalSection(SolutionConfigurationPlatforms) = preSolution
		Debug|Any CPU = Debug|Any CPU
		Release|Any CPU = Release|Any CPU
	EndGlobalSection
	GlobalSection(ProjectConfigurationPlatforms) = postSolution
		{95D24B51-D5B8-4CC7-8416-73BA816A7A4A}.Debug|Any CPU.ActiveCfg = Debug|Any CPU
		{95D24B51-D5B8-4CC7-8416-73BA816A7A4A}.Debug|Any CPU.Build.0 = Debug|Any CPU
		{95D24B51-D5B8-4CC7-8416-73BA816A7A4A}.Release|Any CPU.ActiveCfg = Release|Any CPU
		{95D24B51-D5B8-4CC7-8416-73BA816A7A4A}.Release|Any CPU.Build.0 = Release|Any CPU
	EndGlobalSection
	GlobalSection(SolutionProperties) = preSolution
		HideSolutionNode = FALSE
	EndGlobalSection
	GlobalSection(ExtensibilityGlobals) = postSolution
		SolutionGuid = {F077B53A-BE84-49D5-81F9-2A7CCDC07694}
	EndGlobalSection
EndGlobal
